// !$*UTF8*$!
{
	archiveVersion = 1;
	classes = {
	};
	objectVersion = 46;
	objects = {

/* Begin PBXBuildFile section */
		90A0F12E1C1A71E000D1B2FD /* main.m in Sources */ = {isa = PBXBuildFile; fileRef = 90A0F12D1C1A71E000D1B2FD /* main.m */; };
		90A0F1311C1A71E000D1B2FD /* AppDelegate.m in Sources */ = {isa = PBXBuildFile; fileRef = 90A0F1301C1A71E000D1B2FD /* AppDelegate.m */; };
		90A0F1341C1A71E000D1B2FD /* ViewController.m in Sources */ = {isa = PBXBuildFile; fileRef = 90A0F1331C1A71E000D1B2FD /* ViewController.m */; };
		90A0F1371C1A71E000D1B2FD /* Main.storyboard in Resources */ = {isa = PBXBuildFile; fileRef = 90A0F1351C1A71E000D1B2FD /* Main.storyboard */; };
		90A0F13A1C1A71E000D1B2FD /* XJMessage.xcdatamodeld in Sources */ = {isa = PBXBuildFile; fileRef = 90A0F1381C1A71E000D1B2FD /* XJMessage.xcdatamodeld */; };
		90A0F13C1C1A71E000D1B2FD /* Assets.xcassets in Resources */ = {isa = PBXBuildFile; fileRef = 90A0F13B1C1A71E000D1B2FD /* Assets.xcassets */; };
		90A0F13F1C1A71E000D1B2FD /* LaunchScreen.storyboard in Resources */ = {isa = PBXBuildFile; fileRef = 90A0F13D1C1A71E000D1B2FD /* LaunchScreen.storyboard */; };
		90A0F14A1C1A71E000D1B2FD /* XJMessageTests.m in Sources */ = {isa = PBXBuildFile; fileRef = 90A0F1491C1A71E000D1B2FD /* XJMessageTests.m */; };
		90A0F1551C1A71E000D1B2FD /* XJMessageUITests.m in Sources */ = {isa = PBXBuildFile; fileRef = 90A0F1541C1A71E000D1B2FD /* XJMessageUITests.m */; };
		90A0F1651C1A722C00D1B2FD /* XJMessage.m in Sources */ = {isa = PBXBuildFile; fileRef = 90A0F1641C1A722C00D1B2FD /* XJMessage.m */; };
		90A0F1681C1A744300D1B2FD /* XJMessageManager.m in Sources */ = {isa = PBXBuildFile; fileRef = 90A0F1671C1A744300D1B2FD /* XJMessageManager.m */; };
		90E3278C1C1AD397003A6BCB /* XJMessageViewController.m in Sources */ = {isa = PBXBuildFile; fileRef = 90E3278B1C1AD397003A6BCB /* XJMessageViewController.m */; };
/* End PBXBuildFile section */

/* Begin PBXContainerItemProxy section */
		90A0F1461C1A71E000D1B2FD /* PBXContainerItemProxy */ = {
			isa = PBXContainerItemProxy;
			containerPortal = 90A0F1211C1A71E000D1B2FD /* Project object */;
			proxyType = 1;
			remoteGlobalIDString = 90A0F1281C1A71E000D1B2FD;
			remoteInfo = XJMessage;
		};
		90A0F1511C1A71E000D1B2FD /* PBXContainerItemProxy */ = {
			isa = PBXContainerItemProxy;
			containerPortal = 90A0F1211C1A71E000D1B2FD /* Project object */;
			proxyType = 1;
			remoteGlobalIDString = 90A0F1281C1A71E000D1B2FD;
			remoteInfo = XJMessage;
		};
/* End PBXContainerItemProxy section */

/* Begin PBXFileReference section */
		90A0F1291C1A71E000D1B2FD /* XJMessage.app */ = {isa = PBXFileReference; explicitFileType = wrapper.application; includeInIndex = 0; path = XJMessage.app; sourceTree = BUILT_PRODUCTS_DIR; };
		90A0F12D1C1A71E000D1B2FD /* main.m */ = {isa = PBXFileReference; lastKnownFileType = sourcecode.c.objc; path = main.m; sourceTree = "<group>"; };
		90A0F12F1C1A71E000D1B2FD /* AppDelegate.h */ = {isa = PBXFileReference; lastKnownFileType = sourcecode.c.h; path = AppDelegate.h; sourceTree = "<group>"; };
		90A0F1301C1A71E000D1B2FD /* AppDelegate.m */ = {isa = PBXFileReference; lastKnownFileType = sourcecode.c.objc; path = AppDelegate.m; sourceTree = "<group>"; };
		90A0F1321C1A71E000D1B2FD /* ViewController.h */ = {isa = PBXFileReference; lastKnownFileType = sourcecode.c.h; path = ViewController.h; sourceTree = "<group>"; };
		90A0F1331C1A71E000D1B2FD /* ViewController.m */ = {isa = PBXFileReference; lastKnownFileType = sourcecode.c.objc; path = ViewController.m; sourceTree = "<group>"; };
		90A0F1361C1A71E000D1B2FD /* Base */ = {isa = PBXFileReference; lastKnownFileType = file.storyboard; name = Base; path = Base.lproj/Main.storyboard; sourceTree = "<group>"; };
		90A0F1391C1A71E000D1B2FD /* XJMessage.xcdatamodel */ = {isa = PBXFileReference; lastKnownFileType = wrapper.xcdatamodel; path = XJMessage.xcdatamodel; sourceTree = "<group>"; };
		90A0F13B1C1A71E000D1B2FD /* Assets.xcassets */ = {isa = PBXFileReference; lastKnownFileType = folder.assetcatalog; path = Assets.xcassets; sourceTree = "<group>"; };
		90A0F13E1C1A71E000D1B2FD /* Base */ = {isa = PBXFileReference; lastKnownFileType = file.storyboard; name = Base; path = Base.lproj/LaunchScreen.storyboard; sourceTree = "<group>"; };
		90A0F1401C1A71E000D1B2FD /* Info.plist */ = {isa = PBXFileReference; lastKnownFileType = text.plist.xml; path = Info.plist; sourceTree = "<group>"; };
		90A0F1451C1A71E000D1B2FD /* XJMessageTests.xctest */ = {isa = PBXFileReference; explicitFileType = wrapper.cfbundle; includeInIndex = 0; path = XJMessageTests.xctest; sourceTree = BUILT_PRODUCTS_DIR; };
		90A0F1491C1A71E000D1B2FD /* XJMessageTests.m */ = {isa = PBXFileReference; lastKnownFileType = sourcecode.c.objc; path = XJMessageTests.m; sourceTree = "<group>"; };
		90A0F14B1C1A71E000D1B2FD /* Info.plist */ = {isa = PBXFileReference; lastKnownFileType = text.plist.xml; path = Info.plist; sourceTree = "<group>"; };
		90A0F1501C1A71E000D1B2FD /* XJMessageUITests.xctest */ = {isa = PBXFileReference; explicitFileType = wrapper.cfbundle; includeInIndex = 0; path = XJMessageUITests.xctest; sourceTree = BUILT_PRODUCTS_DIR; };
		90A0F1541C1A71E000D1B2FD /* XJMessageUITests.m */ = {isa = PBXFileReference; lastKnownFileType = sourcecode.c.objc; path = XJMessageUITests.m; sourceTree = "<group>"; };
		90A0F1561C1A71E000D1B2FD /* Info.plist */ = {isa = PBXFileReference; lastKnownFileType = text.plist.xml; path = Info.plist; sourceTree = "<group>"; };
		90A0F1631C1A722C00D1B2FD /* XJMessage.h */ = {isa = PBXFileReference; fileEncoding = 4; lastKnownFileType = sourcecode.c.h; path = XJMessage.h; sourceTree = "<group>"; };
		90A0F1641C1A722C00D1B2FD /* XJMessage.m */ = {isa = PBXFileReference; fileEncoding = 4; lastKnownFileType = sourcecode.c.objc; path = XJMessage.m; sourceTree = "<group>"; };
		90A0F1661C1A744300D1B2FD /* XJMessageManager.h */ = {isa = PBXFileReference; fileEncoding = 4; lastKnownFileType = sourcecode.c.h; path = XJMessageManager.h; sourceTree = "<group>"; };
		90A0F1671C1A744300D1B2FD /* XJMessageManager.m */ = {isa = PBXFileReference; fileEncoding = 4; lastKnownFileType = sourcecode.c.objc; path = XJMessageManager.m; sourceTree = "<group>"; };
		90E3278A1C1AD397003A6BCB /* XJMessageViewController.h */ = {isa = PBXFileReference; fileEncoding = 4; lastKnownFileType = sourcecode.c.h; path = XJMessageViewController.h; sourceTree = "<group>"; };
		90E3278B1C1AD397003A6BCB /* XJMessageViewController.m */ = {isa = PBXFileReference; fileEncoding = 4; lastKnownFileType = sourcecode.c.objc; path = XJMessageViewController.m; sourceTree = "<group>"; };
/* End PBXFileReference section */

/* Begin PBXFrameworksBuildPhase section */
		90A0F1261C1A71E000D1B2FD /* Frameworks */ = {
			isa = PBXFrameworksBuildPhase;
			buildActionMask = 2147483647;
			files = (
			);
			runOnlyForDeploymentPostprocessing = 0;
		};
		90A0F1421C1A71E000D1B2FD /* Frameworks */ = {
			isa = PBXFrameworksBuildPhase;
			buildActionMask = 2147483647;
			files = (
			);
			runOnlyForDeploymentPostprocessing = 0;
		};
		90A0F14D1C1A71E000D1B2FD /* Frameworks */ = {
			isa = PBXFrameworksBuildPhase;
			buildActionMask = 2147483647;
			files = (
			);
			runOnlyForDeploymentPostprocessing = 0;
		};
/* End PBXFrameworksBuildPhase section */

/* Begin PBXGroup section */
		90A0F1201C1A71E000D1B2FD = {
			isa = PBXGroup;
			children = (
				90A0F12B1C1A71E000D1B2FD /* XJMessage */,
				90A0F1481C1A71E000D1B2FD /* XJMessageTests */,
				90A0F1531C1A71E000D1B2FD /* XJMessageUITests */,
				90A0F12A1C1A71E000D1B2FD /* Products */,
			);
			sourceTree = "<group>";
		};
		90A0F12A1C1A71E000D1B2FD /* Products */ = {
			isa = PBXGroup;
			children = (
				90A0F1291C1A71E000D1B2FD /* XJMessage.app */,
				90A0F1451C1A71E000D1B2FD /* XJMessageTests.xctest */,
				90A0F1501C1A71E000D1B2FD /* XJMessageUITests.xctest */,
			);
			name = Products;
			sourceTree = "<group>";
		};
		90A0F12B1C1A71E000D1B2FD /* XJMessage */ = {
			isa = PBXGroup;
			children = (
				90A0F1621C1A720500D1B2FD /* XJMessage */,
				90A0F12F1C1A71E000D1B2FD /* AppDelegate.h */,
				90A0F1301C1A71E000D1B2FD /* AppDelegate.m */,
				90A0F1321C1A71E000D1B2FD /* ViewController.h */,
				90A0F1331C1A71E000D1B2FD /* ViewController.m */,
				90A0F1351C1A71E000D1B2FD /* Main.storyboard */,
				90A0F13B1C1A71E000D1B2FD /* Assets.xcassets */,
				90A0F13D1C1A71E000D1B2FD /* LaunchScreen.storyboard */,
				90A0F1401C1A71E000D1B2FD /* Info.plist */,
				90A0F1381C1A71E000D1B2FD /* XJMessage.xcdatamodeld */,
				90A0F12C1C1A71E000D1B2FD /* Supporting Files */,
			);
			path = XJMessage;
			sourceTree = "<group>";
		};
		90A0F12C1C1A71E000D1B2FD /* Supporting Files */ = {
			isa = PBXGroup;
			children = (
				90A0F12D1C1A71E000D1B2FD /* main.m */,
			);
			name = "Supporting Files";
			sourceTree = "<group>";
		};
		90A0F1481C1A71E000D1B2FD /* XJMessageTests */ = {
			isa = PBXGroup;
			children = (
				90A0F1491C1A71E000D1B2FD /* XJMessageTests.m */,
				90A0F14B1C1A71E000D1B2FD /* Info.plist */,
			);
			path = XJMessageTests;
			sourceTree = "<group>";
		};
		90A0F1531C1A71E000D1B2FD /* XJMessageUITests */ = {
			isa = PBXGroup;
			children = (
				90A0F1541C1A71E000D1B2FD /* XJMessageUITests.m */,
				90A0F1561C1A71E000D1B2FD /* Info.plist */,
			);
			path = XJMessageUITests;
			sourceTree = "<group>";
		};
		90A0F1621C1A720500D1B2FD /* XJMessage */ = {
			isa = PBXGroup;
			children = (
				90A0F1631C1A722C00D1B2FD /* XJMessage.h */,
				90A0F1641C1A722C00D1B2FD /* XJMessage.m */,
				90A0F1661C1A744300D1B2FD /* XJMessageManager.h */,
				90A0F1671C1A744300D1B2FD /* XJMessageManager.m */,
				90E3278A1C1AD397003A6BCB /* XJMessageViewController.h */,
				90E3278B1C1AD397003A6BCB /* XJMessageViewController.m */,
			);
			path = XJMessage;
			sourceTree = "<group>";
		};
/* End PBXGroup section */

/* Begin PBXNativeTarget section */
		90A0F1281C1A71E000D1B2FD /* XJMessage */ = {
			isa = PBXNativeTarget;
			buildConfigurationList = 90A0F1591C1A71E000D1B2FD /* Build configuration list for PBXNativeTarget "XJMessage" */;
			buildPhases = (
				90A0F1251C1A71E000D1B2FD /* Sources */,
				90A0F1261C1A71E000D1B2FD /* Frameworks */,
				90A0F1271C1A71E000D1B2FD /* Resources */,
			);
			buildRules = (
			);
			dependencies = (
			);
			name = XJMessage;
			productName = XJMessage;
			productReference = 90A0F1291C1A71E000D1B2FD /* XJMessage.app */;
			productType = "com.apple.product-type.application";
		};
		90A0F1441C1A71E000D1B2FD /* XJMessageTests */ = {
			isa = PBXNativeTarget;
			buildConfigurationList = 90A0F15C1C1A71E000D1B2FD /* Build configuration list for PBXNativeTarget "XJMessageTests" */;
			buildPhases = (
				90A0F1411C1A71E000D1B2FD /* Sources */,
				90A0F1421C1A71E000D1B2FD /* Frameworks */,
				90A0F1431C1A71E000D1B2FD /* Resources */,
			);
			buildRules = (
			);
			dependencies = (
				90A0F1471C1A71E000D1B2FD /* PBXTargetDependency */,
			);
			name = XJMessageTests;
			productName = XJMessageTests;
			productReference = 90A0F1451C1A71E000D1B2FD /* XJMessageTests.xctest */;
			productType = "com.apple.product-type.bundle.unit-test";
		};
		90A0F14F1C1A71E000D1B2FD /* XJMessageUITests */ = {
			isa = PBXNativeTarget;
			buildConfigurationList = 90A0F15F1C1A71E000D1B2FD /* Build configuration list for PBXNativeTarget "XJMessageUITests" */;
			buildPhases = (
				90A0F14C1C1A71E000D1B2FD /* Sources */,
				90A0F14D1C1A71E000D1B2FD /* Frameworks */,
				90A0F14E1C1A71E000D1B2FD /* Resources */,
			);
			buildRules = (
			);
			dependencies = (
				90A0F1521C1A71E000D1B2FD /* PBXTargetDependency */,
			);
			name = XJMessageUITests;
			productName = XJMessageUITests;
			productReference = 90A0F1501C1A71E000D1B2FD /* XJMessageUITests.xctest */;
			productType = "com.apple.product-type.bundle.ui-testing";
		};
/* End PBXNativeTarget section */

/* Begin PBXProject section */
		90A0F1211C1A71E000D1B2FD /* Project object */ = {
			isa = PBXProject;
			attributes = {
				LastUpgradeCheck = 0710;
				ORGANIZATIONNAME = XJIMI;
				TargetAttributes = {
					90A0F1281C1A71E000D1B2FD = {
						CreatedOnToolsVersion = 7.1.1;
					};
					90A0F1441C1A71E000D1B2FD = {
						CreatedOnToolsVersion = 7.1.1;
						TestTargetID = 90A0F1281C1A71E000D1B2FD;
					};
					90A0F14F1C1A71E000D1B2FD = {
						CreatedOnToolsVersion = 7.1.1;
						TestTargetID = 90A0F1281C1A71E000D1B2FD;
					};
				};
			};
			buildConfigurationList = 90A0F1241C1A71E000D1B2FD /* Build configuration list for PBXProject "XJMessage" */;
			compatibilityVersion = "Xcode 3.2";
			developmentRegion = English;
			hasScannedForEncodings = 0;
			knownRegions = (
				en,
				Base,
			);
			mainGroup = 90A0F1201C1A71E000D1B2FD;
			productRefGroup = 90A0F12A1C1A71E000D1B2FD /* Products */;
			projectDirPath = "";
			projectRoot = "";
			targets = (
				90A0F1281C1A71E000D1B2FD /* XJMessage */,
				90A0F1441C1A71E000D1B2FD /* XJMessageTests */,
				90A0F14F1C1A71E000D1B2FD /* XJMessageUITests */,
			);
		};
/* End PBXProject section */

/* Begin PBXResourcesBuildPhase section */
		90A0F1271C1A71E000D1B2FD /* Resources */ = {
			isa = PBXResourcesBuildPhase;
			buildActionMask = 2147483647;
			files = (
				90A0F13F1C1A71E000D1B2FD /* LaunchScreen.storyboard in Resources */,
				90A0F13C1C1A71E000D1B2FD /* Assets.xcassets in Resources */,
				90A0F1371C1A71E000D1B2FD /* Main.storyboard in Resources */,
			);
			runOnlyForDeploymentPostprocessing = 0;
		};
		90A0F1431C1A71E000D1B2FD /* Resources */ = {
			isa = PBXResourcesBuildPhase;
			buildActionMask = 2147483647;
			files = (
			);
			runOnlyForDeploymentPostprocessing = 0;
		};
		90A0F14E1C1A71E000D1B2FD /* Resources */ = {
			isa = PBXResourcesBuildPhase;
			buildActionMask = 2147483647;
			files = (
			);
			runOnlyForDeploymentPostprocessing = 0;
		};
/* End PBXResourcesBuildPhase section */

/* Begin PBXSourcesBuildPhase section */
		90A0F1251C1A71E000D1B2FD /* Sources */ = {
			isa = PBXSourcesBuildPhase;
			buildActionMask = 2147483647;
			files = (
				90A0F1341C1A71E000D1B2FD /* ViewController.m in Sources */,
				90A0F13A1C1A71E000D1B2FD /* XJMessage.xcdatamodeld in Sources */,
				90A0F1311C1A71E000D1B2FD /* AppDelegate.m in Sources */,
				90A0F1681C1A744300D1B2FD /* XJMessageManager.m in Sources */,
				90A0F1651C1A722C00D1B2FD /* XJMessage.m in Sources */,
				90A0F12E1C1A71E000D1B2FD /* main.m in Sources */,
				90E3278C1C1AD397003A6BCB /* XJMessageViewController.m in Sources */,
			);
			runOnlyForDeploymentPostprocessing = 0;
		};
		90A0F1411C1A71E000D1B2FD /* Sources */ = {
			isa = PBXSourcesBuildPhase;
			buildActionMask = 2147483647;
			files = (
				90A0F14A1C1A71E000D1B2FD /* XJMessageTests.m in Sources */,
			);
			runOnlyForDeploymentPostprocessing = 0;
		};
		90A0F14C1C1A71E000D1B2FD /* Sources */ = {
			isa = PBXSourcesBuildPhase;
			buildActionMask = 2147483647;
			files = (
				90A0F1551C1A71E000D1B2FD /* XJMessageUITests.m in Sources */,
			);
			runOnlyForDeploymentPostprocessing = 0;
		};
/* End PBXSourcesBuildPhase section */

/* Begin PBXTargetDependency section */
		90A0F1471C1A71E000D1B2FD /* PBXTargetDependency */ = {
			isa = PBXTargetDependency;
			target = 90A0F1281C1A71E000D1B2FD /* XJMessage */;
			targetProxy = 90A0F1461C1A71E000D1B2FD /* PBXContainerItemProxy */;
		};
		90A0F1521C1A71E000D1B2FD /* PBXTargetDependency */ = {
			isa = PBXTargetDependency;
			target = 90A0F1281C1A71E000D1B2FD /* XJMessage */;
			targetProxy = 90A0F1511C1A71E000D1B2FD /* PBXContainerItemProxy */;
		};
/* End PBXTargetDependency section */

/* Begin PBXVariantGroup section */
		90A0F1351C1A71E000D1B2FD /* Main.storyboard */ = {
			isa = PBXVariantGroup;
			children = (
				90A0F1361C1A71E000D1B2FD /* Base */,
			);
			name = Main.storyboard;
			sourceTree = "<group>";
		};
		90A0F13D1C1A71E000D1B2FD /* LaunchScreen.storyboard */ = {
			isa = PBXVariantGroup;
			children = (
				90A0F13E1C1A71E000D1B2FD /* Base */,
			);
			name = LaunchScreen.storyboard;
			sourceTree = "<group>";
		};
/* End PBXVariantGroup section */

/* Begin XCBuildConfiguration section */
		90A0F1571C1A71E000D1B2FD /* Debug */ = {
			isa = XCBuildConfiguration;
			buildSettings = {
				ALWAYS_SEARCH_USER_PATHS = NO;
				CLANG_CXX_LANGUAGE_STANDARD = "gnu++0x";
				CLANG_CXX_LIBRARY = "libc++";
				CLANG_ENABLE_MODULES = YES;
				CLANG_ENABLE_OBJC_ARC = YES;
				CLANG_WARN_BOOL_CONVERSION = YES;
				CLANG_WARN_CONSTANT_CONVERSION = YES;
				CLANG_WARN_DIRECT_OBJC_ISA_USAGE = YES_ERROR;
				CLANG_WARN_EMPTY_BODY = YES;
				CLANG_WARN_ENUM_CONVERSION = YES;
				CLANG_WARN_INT_CONVERSION = YES;
				CLANG_WARN_OBJC_ROOT_CLASS = YES_ERROR;
				CLANG_WARN_UNREACHABLE_CODE = YES;
				CLANG_WARN__DUPLICATE_METHOD_MATCH = YES;
				"CODE_SIGN_IDENTITY[sdk=iphoneos*]" = "iPhone Developer";
				COPY_PHASE_STRIP = NO;
				DEBUG_INFORMATION_FORMAT = dwarf;
				ENABLE_STRICT_OBJC_MSGSEND = YES;
				ENABLE_TESTABILITY = YES;
				GCC_C_LANGUAGE_STANDARD = gnu99;
				GCC_DYNAMIC_NO_PIC = NO;
				GCC_NO_COMMON_BLOCKS = YES;
				GCC_OPTIMIZATION_LEVEL = 0;
				GCC_PREPROCESSOR_DEFINITIONS = (
					"DEBUG=1",
					"$(inherited)",
				);
				GCC_WARN_64_TO_32_BIT_CONVERSION = YES;
				GCC_WARN_ABOUT_RETURN_TYPE = YES_ERROR;
				GCC_WARN_UNDECLARED_SELECTOR = YES;
				GCC_WARN_UNINITIALIZED_AUTOS = YES_AGGRESSIVE;
				GCC_WARN_UNUSED_FUNCTION = YES;
				GCC_WARN_UNUSED_VARIABLE = YES;
				IPHONEOS_DEPLOYMENT_TARGET = 9.1;
				MTL_ENABLE_DEBUG_INFO = YES;
				ONLY_ACTIVE_ARCH = YES;
				SDKROOT = iphoneos;
			};
			name = Debug;
		};
		90A0F1581C1A71E000D1B2FD /* Release */ = {
			isa = XCBuildConfiguration;
			buildSettings = {
				ALWAYS_SEARCH_USER_PATHS = NO;
				CLANG_CXX_LANGUAGE_STANDARD = "gnu++0x";
				CLANG_CXX_LIBRARY = "libc++";
				CLANG_ENABLE_MODULES = YES;
				CLANG_ENABLE_OBJC_ARC = YES;
				CLANG_WARN_BOOL_CONVERSION = YES;
				CLANG_WARN_CONSTANT_CONVERSION = YES;
				CLANG_WARN_DIRECT_OBJC_ISA_USAGE = YES_ERROR;
				CLANG_WARN_EMPTY_BODY = YES;
				CLANG_WARN_ENUM_CONVERSION = YES;
				CLANG_WARN_INT_CONVERSION = YES;
				CLANG_WARN_OBJC_ROOT_CLASS = YES_ERROR;
				CLANG_WARN_UNREACHABLE_CODE = YES;
				CLANG_WARN__DUPLICATE_METHOD_MATCH = YES;
				"CODE_SIGN_IDENTITY[sdk=iphoneos*]" = "iPhone Developer";
				COPY_PHASE_STRIP = NO;
				DEBUG_INFORMATION_FORMAT = "dwarf-with-dsym";
				ENABLE_NS_ASSERTIONS = NO;
				ENABLE_STRICT_OBJC_MSGSEND = YES;
				GCC_C_LANGUAGE_STANDARD = gnu99;
				GCC_NO_COMMON_BLOCKS = YES;
				GCC_WARN_64_TO_32_BIT_CONVERSION = YES;
				GCC_WARN_ABOUT_RETURN_TYPE = YES_ERROR;
				GCC_WARN_UNDECLARED_SELECTOR = YES;
				GCC_WARN_UNINITIALIZED_AUTOS = YES_AGGRESSIVE;
				GCC_WARN_UNUSED_FUNCTION = YES;
				GCC_WARN_UNUSED_VARIABLE = YES;
				IPHONEOS_DEPLOYMENT_TARGET = 9.1;
				MTL_ENABLE_DEBUG_INFO = NO;
				SDKROOT = iphoneos;
				VALIDATE_PRODUCT = YES;
			};
			name = Release;
		};
		90A0F15A1C1A71E000D1B2FD /* Debug */ = {
			isa = XCBuildConfiguration;
			buildSettings = {
				ASSETCATALOG_COMPILER_APPICON_NAME = AppIcon;
				INFOPLIST_FILE = XJMessage/Info.plist;
				LD_RUNPATH_SEARCH_PATHS = "$(inherited) @executable_path/Frameworks";
				PRODUCT_BUNDLE_IDENTIFIER = com.xjimi.app.XJMessage;
				PRODUCT_NAME = "$(TARGET_NAME)";
			};
			name = Debug;
		};
		90A0F15B1C1A71E000D1B2FD /* Release */ = {
			isa = XCBuildConfiguration;
			buildSettings = {
				ASSETCATALOG_COMPILER_APPICON_NAME = AppIcon;
				INFOPLIST_FILE = XJMessage/Info.plist;
				LD_RUNPATH_SEARCH_PATHS = "$(inherited) @executable_path/Frameworks";
				PRODUCT_BUNDLE_IDENTIFIER = com.xjimi.app.XJMessage;
				PRODUCT_NAME = "$(TARGET_NAME)";
			};
			name = Release;
		};
		90A0F15D1C1A71E000D1B2FD /* Debug */ = {
			isa = XCBuildConfiguration;
			buildSettings = {
				BUNDLE_LOADER = "$(TEST_HOST)";
				INFOPLIST_FILE = XJMessageTests/Info.plist;
				LD_RUNPATH_SEARCH_PATHS = "$(inherited) @executable_path/Frameworks @loader_path/Frameworks";
				PRODUCT_BUNDLE_IDENTIFIER = com.xjimi.app.XJMessageTests;
				PRODUCT_NAME = "$(TARGET_NAME)";
				TEST_HOST = "$(BUILT_PRODUCTS_DIR)/XJMessage.app/XJMessage";
			};
			name = Debug;
		};
		90A0F15E1C1A71E000D1B2FD /* Release */ = {
			isa = XCBuildConfiguration;
			buildSettings = {
				BUNDLE_LOADER = "$(TEST_HOST)";
				INFOPLIST_FILE = XJMessageTests/Info.plist;
				LD_RUNPATH_SEARCH_PATHS = "$(inherited) @executable_path/Frameworks @loader_path/Frameworks";
				PRODUCT_BUNDLE_IDENTIFIER = com.xjimi.app.XJMessageTests;
				PRODUCT_NAME = "$(TARGET_NAME)";
				TEST_HOST = "$(BUILT_PRODUCTS_DIR)/XJMessage.app/XJMessage";
			};
			name = Release;
		};
		90A0F1601C1A71E000D1B2FD /* Debug */ = {
			isa = XCBuildConfiguration;
			buildSettings = {
				INFOPLIST_FILE = XJMessageUITests/Info.plist;
				LD_RUNPATH_SEARCH_PATHS = "$(inherited) @executable_path/Frameworks @loader_path/Frameworks";
				PRODUCT_BUNDLE_IDENTIFIER = com.xjimi.app.XJMessageUITests;
				PRODUCT_NAME = "$(TARGET_NAME)";
				TEST_TARGET_NAME = XJMessage;
				USES_XCTRUNNER = YES;
			};
			name = Debug;
		};
		90A0F1611C1A71E000D1B2FD /* Release */ = {
			isa = XCBuildConfiguration;
			buildSettings = {
				INFOPLIST_FILE = XJMessageUITests/Info.plist;
				LD_RUNPATH_SEARCH_PATHS = "$(inherited) @executable_path/Frameworks @loader_path/Frameworks";
				PRODUCT_BUNDLE_IDENTIFIER = com.xjimi.app.XJMessageUITests;
				PRODUCT_NAME = "$(TARGET_NAME)";
				TEST_TARGET_NAME = XJMessage;
				USES_XCTRUNNER = YES;
			};
			name = Release;
		};
/* End XCBuildConfiguration section */

/* Begin XCConfigurationList section */
		90A0F1241C1A71E000D1B2FD /* Build configuration list for PBXProject "XJMessage" */ = {
			isa = XCConfigurationList;
			buildConfigurations = (
				90A0F1571C1A71E000D1B2FD /* Debug */,
				90A0F1581C1A71E000D1B2FD /* Release */,
			);
			defaultConfigurationIsVisible = 0;
			defaultConfigurationName = Release;
		};
		90A0F1591C1A71E000D1B2FD /* Build configuration list for PBXNativeTarget "XJMessage" */ = {
			isa = XCConfigurationList;
			buildConfigurations = (
				90A0F15A1C1A71E000D1B2FD /* Debug */,
				90A0F15B1C1A71E000D1B2FD /* Release */,
			);
			defaultConfigurationIsVisible = 0;
			defaultConfigurationName = Release;
		};
		90A0F15C1C1A71E000D1B2FD /* Build configuration list for PBXNativeTarget "XJMessageTests" */ = {
			isa = XCConfigurationList;
			buildConfigurations = (
				90A0F15D1C1A71E000D1B2FD /* Debug */,
				90A0F15E1C1A71E000D1B2FD /* Release */,
			);
			defaultConfigurationIsVisible = 0;
			defaultConfigurationName = Release;
		};
		90A0F15F1C1A71E000D1B2FD /* Build configuration list for PBXNativeTarget "XJMessageUITests" */ = {
			isa = XCConfigurationList;
			buildConfigurations = (
				90A0F1601C1A71E000D1B2FD /* Debug */,
				90A0F1611C1A71E000D1B2FD /* Release */,
			);
			defaultConfigurationIsVisible = 0;
			defaultConfigurationName = Release;
		};
/* End XCConfigurationList section */

/* Begin XCVersionGroup section */
		90A0F1381C1A71E000D1B2FD /* XJMessage.xcdatamodeld */ = {
			isa = XCVersionGroup;
			children = (
				90A0F1391C1A71E000D1B2FD /* XJMessage.xcdatamodel */,
			);
			currentVersion = 90A0F1391C1A71E000D1B2FD /* XJMessage.xcdatamodel */;
			path = XJMessage.xcdatamodeld;
			sourceTree = "<group>";
			versionGroupType = wrapper.xcdatamodel;
		};
/* End XCVersionGroup section */
	};
	rootObject = 90A0F1211C1A71E000D1B2FD /* Project object */;
}
